// !$*UTF8*$!
{
	archiveVersion = 1;
	classes = {
	};
	objectVersion = 48;
	objects = {

/* Begin PBXBuildFile section */
		284A86291FB1044C003A88AC /* AppDelegate.swift in Sources */ = {isa = PBXBuildFile; fileRef = 284A86281FB1044C003A88AC /* AppDelegate.swift */; };
		284A862E1FB1044C003A88AC /* Main.storyboard in Resources */ = {isa = PBXBuildFile; fileRef = 284A862C1FB1044C003A88AC /* Main.storyboard */; };
		284A86301FB1044C003A88AC /* Assets.xcassets in Resources */ = {isa = PBXBuildFile; fileRef = 284A862F1FB1044C003A88AC /* Assets.xcassets */; };
		284A86331FB1044C003A88AC /* LaunchScreen.storyboard in Resources */ = {isa = PBXBuildFile; fileRef = 284A86311FB1044C003A88AC /* LaunchScreen.storyboard */; };
		284A863B1FB1066E003A88AC /* GoogleService-Info.plist in Resources */ = {isa = PBXBuildFile; fileRef = 284A863A1FB1066E003A88AC /* GoogleService-Info.plist */; };
		284A86421FB10A3B003A88AC /* DataService.swift in Sources */ = {isa = PBXBuildFile; fileRef = 284A86411FB10A3B003A88AC /* DataService.swift */; };
		284A86471FB1241C003A88AC /* AuthVC.swift in Sources */ = {isa = PBXBuildFile; fileRef = 284A86461FB1241C003A88AC /* AuthVC.swift */; };
		284A86491FB12455003A88AC /* LoginVC.swift in Sources */ = {isa = PBXBuildFile; fileRef = 284A86481FB12455003A88AC /* LoginVC.swift */; };
		284A864B1FB12490003A88AC /* InsetTextField.swift in Sources */ = {isa = PBXBuildFile; fileRef = 284A864A1FB12490003A88AC /* InsetTextField.swift */; };
		284A864D1FB128A4003A88AC /* ShadowView.swift in Sources */ = {isa = PBXBuildFile; fileRef = 284A864C1FB128A4003A88AC /* ShadowView.swift */; };
		284A864F1FB12A13003A88AC /* AuthService.swift in Sources */ = {isa = PBXBuildFile; fileRef = 284A864E1FB12A13003A88AC /* AuthService.swift */; };
		284A86511FB12A8B003A88AC /* UIViewsExt.swift in Sources */ = {isa = PBXBuildFile; fileRef = 284A86501FB12A8B003A88AC /* UIViewsExt.swift */; };
		284A86531FB135AC003A88AC /* GroupVC.swift in Sources */ = {isa = PBXBuildFile; fileRef = 284A86521FB135AC003A88AC /* GroupVC.swift */; };
		284A86551FB135BE003A88AC /* FeedVC.swift in Sources */ = {isa = PBXBuildFile; fileRef = 284A86541FB135BE003A88AC /* FeedVC.swift */; };
		9DCAEB27030D81DE0D494763 /* Pods_Chat.framework in Frameworks */ = {isa = PBXBuildFile; fileRef = 0180B8CCBA898C2BADB11FCF /* Pods_Chat.framework */; };
/* End PBXBuildFile section */

/* Begin PBXFileReference section */
		0180B8CCBA898C2BADB11FCF /* Pods_Chat.framework */ = {isa = PBXFileReference; explicitFileType = wrapper.framework; includeInIndex = 0; path = Pods_Chat.framework; sourceTree = BUILT_PRODUCTS_DIR; };
		284A86251FB1044C003A88AC /* Chat.app */ = {isa = PBXFileReference; explicitFileType = wrapper.application; includeInIndex = 0; path = Chat.app; sourceTree = BUILT_PRODUCTS_DIR; };
		284A86281FB1044C003A88AC /* AppDelegate.swift */ = {isa = PBXFileReference; lastKnownFileType = sourcecode.swift; path = AppDelegate.swift; sourceTree = "<group>"; };
		284A862D1FB1044C003A88AC /* Base */ = {isa = PBXFileReference; lastKnownFileType = file.storyboard; name = Base; path = Base.lproj/Main.storyboard; sourceTree = "<group>"; };
		284A862F1FB1044C003A88AC /* Assets.xcassets */ = {isa = PBXFileReference; lastKnownFileType = folder.assetcatalog; path = Assets.xcassets; sourceTree = "<group>"; };
		284A86321FB1044C003A88AC /* Base */ = {isa = PBXFileReference; lastKnownFileType = file.storyboard; name = Base; path = Base.lproj/LaunchScreen.storyboard; sourceTree = "<group>"; };
		284A86341FB1044C003A88AC /* Info.plist */ = {isa = PBXFileReference; lastKnownFileType = text.plist.xml; path = Info.plist; sourceTree = "<group>"; };
		284A863A1FB1066E003A88AC /* GoogleService-Info.plist */ = {isa = PBXFileReference; fileEncoding = 4; lastKnownFileType = text.plist.xml; path = "GoogleService-Info.plist"; sourceTree = "<group>"; };
		284A86411FB10A3B003A88AC /* DataService.swift */ = {isa = PBXFileReference; lastKnownFileType = sourcecode.swift; path = DataService.swift; sourceTree = "<group>"; };
		284A86461FB1241C003A88AC /* AuthVC.swift */ = {isa = PBXFileReference; lastKnownFileType = sourcecode.swift; path = AuthVC.swift; sourceTree = "<group>"; };
		284A86481FB12455003A88AC /* LoginVC.swift */ = {isa = PBXFileReference; lastKnownFileType = sourcecode.swift; path = LoginVC.swift; sourceTree = "<group>"; };
		284A864A1FB12490003A88AC /* InsetTextField.swift */ = {isa = PBXFileReference; lastKnownFileType = sourcecode.swift; path = InsetTextField.swift; sourceTree = "<group>"; };
		284A864C1FB128A4003A88AC /* ShadowView.swift */ = {isa = PBXFileReference; lastKnownFileType = sourcecode.swift; path = ShadowView.swift; sourceTree = "<group>"; };
		284A864E1FB12A13003A88AC /* AuthService.swift */ = {isa = PBXFileReference; lastKnownFileType = sourcecode.swift; path = AuthService.swift; sourceTree = "<group>"; };
		284A86501FB12A8B003A88AC /* UIViewsExt.swift */ = {isa = PBXFileReference; fileEncoding = 4; lastKnownFileType = sourcecode.swift; path = UIViewsExt.swift; sourceTree = "<group>"; };
		284A86521FB135AC003A88AC /* GroupVC.swift */ = {isa = PBXFileReference; lastKnownFileType = sourcecode.swift; path = GroupVC.swift; sourceTree = "<group>"; };
		284A86541FB135BE003A88AC /* FeedVC.swift */ = {isa = PBXFileReference; lastKnownFileType = sourcecode.swift; path = FeedVC.swift; sourceTree = "<group>"; };
		73E351B6CD82966A8923232E /* Pods-Chat.release.xcconfig */ = {isa = PBXFileReference; includeInIndex = 1; lastKnownFileType = text.xcconfig; name = "Pods-Chat.release.xcconfig"; path = "Pods/Target Support Files/Pods-Chat/Pods-Chat.release.xcconfig"; sourceTree = "<group>"; };
		D29FBA022F6B7597C3AC5E16 /* Pods-Chat.debug.xcconfig */ = {isa = PBXFileReference; includeInIndex = 1; lastKnownFileType = text.xcconfig; name = "Pods-Chat.debug.xcconfig"; path = "Pods/Target Support Files/Pods-Chat/Pods-Chat.debug.xcconfig"; sourceTree = "<group>"; };
/* End PBXFileReference section */

/* Begin PBXFrameworksBuildPhase section */
		284A86221FB1044C003A88AC /* Frameworks */ = {
			isa = PBXFrameworksBuildPhase;
			buildActionMask = 2147483647;
			files = (
				9DCAEB27030D81DE0D494763 /* Pods_Chat.framework in Frameworks */,
			);
			runOnlyForDeploymentPostprocessing = 0;
		};
/* End PBXFrameworksBuildPhase section */

/* Begin PBXGroup section */
		284A861C1FB1044C003A88AC = {
			isa = PBXGroup;
			children = (
				284A86271FB1044C003A88AC /* Chat */,
				284A86261FB1044C003A88AC /* Products */,
				D4556FB771C275F050A0E13C /* Pods */,
				97A7969124B6DEA7CD9A4782 /* Frameworks */,
			);
			sourceTree = "<group>";
		};
		284A86261FB1044C003A88AC /* Products */ = {
			isa = PBXGroup;
			children = (
				284A86251FB1044C003A88AC /* Chat.app */,
			);
			name = Products;
			sourceTree = "<group>";
		};
		284A86271FB1044C003A88AC /* Chat */ = {
			isa = PBXGroup;
			children = (
				284A86401FB10A2D003A88AC /* Services */,
				284A863F1FB109A9003A88AC /* Extensions */,
				284A863E1FB1099F003A88AC /* Model */,
				284A863D1FB1099A003A88AC /* View */,
				284A863C1FB10987003A88AC /* Controller */,
				284A86281FB1044C003A88AC /* AppDelegate.swift */,
				284A862C1FB1044C003A88AC /* Main.storyboard */,
				284A862F1FB1044C003A88AC /* Assets.xcassets */,
				284A86311FB1044C003A88AC /* LaunchScreen.storyboard */,
				284A863A1FB1066E003A88AC /* GoogleService-Info.plist */,
				284A86341FB1044C003A88AC /* Info.plist */,
			);
			path = Chat;
			sourceTree = "<group>";
		};
		284A863C1FB10987003A88AC /* Controller */ = {
			isa = PBXGroup;
			children = (
				284A86461FB1241C003A88AC /* AuthVC.swift */,
				284A86481FB12455003A88AC /* LoginVC.swift */,
				284A86521FB135AC003A88AC /* GroupVC.swift */,
				284A86541FB135BE003A88AC /* FeedVC.swift */,
			);
			path = Controller;
			sourceTree = "<group>";
		};
		284A863D1FB1099A003A88AC /* View */ = {
			isa = PBXGroup;
			children = (
				284A864A1FB12490003A88AC /* InsetTextField.swift */,
				284A864C1FB128A4003A88AC /* ShadowView.swift */,
			);
			path = View;
			sourceTree = "<group>";
		};
		284A863E1FB1099F003A88AC /* Model */ = {
			isa = PBXGroup;
			children = (
			);
			path = Model;
			sourceTree = "<group>";
		};
		284A863F1FB109A9003A88AC /* Extensions */ = {
			isa = PBXGroup;
			children = (
				284A86501FB12A8B003A88AC /* UIViewsExt.swift */,
			);
			path = Extensions;
			sourceTree = "<group>";
		};
		284A86401FB10A2D003A88AC /* Services */ = {
			isa = PBXGroup;
			children = (
				284A86411FB10A3B003A88AC /* DataService.swift */,
				284A864E1FB12A13003A88AC /* AuthService.swift */,
			);
			path = Services;
			sourceTree = "<group>";
		};
		97A7969124B6DEA7CD9A4782 /* Frameworks */ = {
			isa = PBXGroup;
			children = (
				0180B8CCBA898C2BADB11FCF /* Pods_Chat.framework */,
			);
			name = Frameworks;
			sourceTree = "<group>";
		};
		D4556FB771C275F050A0E13C /* Pods */ = {
			isa = PBXGroup;
			children = (
				D29FBA022F6B7597C3AC5E16 /* Pods-Chat.debug.xcconfig */,
				73E351B6CD82966A8923232E /* Pods-Chat.release.xcconfig */,
			);
			name = Pods;
			sourceTree = "<group>";
		};
/* End PBXGroup section */

/* Begin PBXNativeTarget section */
		284A86241FB1044C003A88AC /* Chat */ = {
			isa = PBXNativeTarget;
			buildConfigurationList = 284A86371FB1044C003A88AC /* Build configuration list for PBXNativeTarget "Chat" */;
			buildPhases = (
				20883A10E09839A69DD3D9A9 /* [CP] Check Pods Manifest.lock */,
				284A86211FB1044C003A88AC /* Sources */,
				284A86221FB1044C003A88AC /* Frameworks */,
				284A86231FB1044C003A88AC /* Resources */,
				464287EECE414CD33EFA7490 /* [CP] Embed Pods Frameworks */,
				11B67B8962E7E32AE3397C6B /* [CP] Copy Pods Resources */,
			);
			buildRules = (
			);
			dependencies = (
			);
			name = Chat;
			productName = Chat;
			productReference = 284A86251FB1044C003A88AC /* Chat.app */;
			productType = "com.apple.product-type.application";
		};
/* End PBXNativeTarget section */

/* Begin PBXProject section */
		284A861D1FB1044C003A88AC /* Project object */ = {
			isa = PBXProject;
			attributes = {
				LastSwiftUpdateCheck = 0910;
				LastUpgradeCheck = 0910;
				ORGANIZATIONNAME = Billy;
				TargetAttributes = {
					284A86241FB1044C003A88AC = {
						CreatedOnToolsVersion = 9.1;
						ProvisioningStyle = Automatic;
					};
				};
			};
			buildConfigurationList = 284A86201FB1044C003A88AC /* Build configuration list for PBXProject "Chat" */;
			compatibilityVersion = "Xcode 8.0";
			developmentRegion = en;
			hasScannedForEncodings = 0;
			knownRegions = (
				en,
				Base,
			);
			mainGroup = 284A861C1FB1044C003A88AC;
			productRefGroup = 284A86261FB1044C003A88AC /* Products */;
			projectDirPath = "";
			projectRoot = "";
			targets = (
				284A86241FB1044C003A88AC /* Chat */,
			);
		};
/* End PBXProject section */

/* Begin PBXResourcesBuildPhase section */
		284A86231FB1044C003A88AC /* Resources */ = {
			isa = PBXResourcesBuildPhase;
			buildActionMask = 2147483647;
			files = (
				284A86331FB1044C003A88AC /* LaunchScreen.storyboard in Resources */,
				284A863B1FB1066E003A88AC /* GoogleService-Info.plist in Resources */,
				284A86301FB1044C003A88AC /* Assets.xcassets in Resources */,
				284A862E1FB1044C003A88AC /* Main.storyboard in Resources */,
			);
			runOnlyForDeploymentPostprocessing = 0;
		};
/* End PBXResourcesBuildPhase section */

/* Begin PBXShellScriptBuildPhase section */
		11B67B8962E7E32AE3397C6B /* [CP] Copy Pods Resources */ = {
			isa = PBXShellScriptBuildPhase;
			buildActionMask = 2147483647;
			files = (
			);
			inputPaths = (
			);
			name = "[CP] Copy Pods Resources";
			outputPaths = (
			);
			runOnlyForDeploymentPostprocessing = 0;
			shellPath = /bin/sh;
			shellScript = "\"${SRCROOT}/Pods/Target Support Files/Pods-Chat/Pods-Chat-resources.sh\"\n";
			showEnvVarsInLog = 0;
		};
		20883A10E09839A69DD3D9A9 /* [CP] Check Pods Manifest.lock */ = {
			isa = PBXShellScriptBuildPhase;
			buildActionMask = 2147483647;
			files = (
			);
			inputPaths = (
			);
			name = "[CP] Check Pods Manifest.lock";
			outputPaths = (
			);
			runOnlyForDeploymentPostprocessing = 0;
			shellPath = /bin/sh;
			shellScript = "diff \"${PODS_ROOT}/../Podfile.lock\" \"${PODS_ROOT}/Manifest.lock\" > /dev/null\nif [ $? != 0 ] ; then\n    # print error to STDERR\n    echo \"error: The sandbox is not in sync with the Podfile.lock. Run 'pod install' or update your CocoaPods installation.\" >&2\n    exit 1\nfi\n";
			showEnvVarsInLog = 0;
		};
		464287EECE414CD33EFA7490 /* [CP] Embed Pods Frameworks */ = {
			isa = PBXShellScriptBuildPhase;
			buildActionMask = 2147483647;
			files = (
			);
			inputPaths = (
			);
			name = "[CP] Embed Pods Frameworks";
			outputPaths = (
			);
			runOnlyForDeploymentPostprocessing = 0;
			shellPath = /bin/sh;
			shellScript = "\"${SRCROOT}/Pods/Target Support Files/Pods-Chat/Pods-Chat-frameworks.sh\"\n";
			showEnvVarsInLog = 0;
		};
/* End PBXShellScriptBuildPhase section */

/* Begin PBXSourcesBuildPhase section */
		284A86211FB1044C003A88AC /* Sources */ = {
			isa = PBXSourcesBuildPhase;
			buildActionMask = 2147483647;
			files = (
				284A86421FB10A3B003A88AC /* DataService.swift in Sources */,
				284A86471FB1241C003A88AC /* AuthVC.swift in Sources */,
				284A86551FB135BE003A88AC /* FeedVC.swift in Sources */,
				284A86291FB1044C003A88AC /* AppDelegate.swift in Sources */,
				284A86531FB135AC003A88AC /* GroupVC.swift in Sources */,
				284A86491FB12455003A88AC /* LoginVC.swift in Sources */,
				284A864B1FB12490003A88AC /* InsetTextField.swift in Sources */,
				284A864D1FB128A4003A88AC /* ShadowView.swift in Sources */,
				284A86511FB12A8B003A88AC /* UIViewsExt.swift in Sources */,
				284A864F1FB12A13003A88AC /* AuthService.swift in Sources */,
			);
			runOnlyForDeploymentPostprocessing = 0;
		};
/* End PBXSourcesBuildPhase section */

/* Begin PBXVariantGroup section */
		284A862C1FB1044C003A88AC /* Main.storyboard */ = {
			isa = PBXVariantGroup;
			children = (
				284A862D1FB1044C003A88AC /* Base */,
			);
			name = Main.storyboard;
			sourceTree = "<group>";
		};
		284A86311FB1044C003A88AC /* LaunchScreen.storyboard */ = {
			isa = PBXVariantGroup;
			children = (
				284A86321FB1044C003A88AC /* Base */,
			);
			name = LaunchScreen.storyboard;
			sourceTree = "<group>";
		};
/* End PBXVariantGroup section */

/* Begin XCBuildConfiguration section */
		284A86351FB1044C003A88AC /* Debug */ = {
			isa = XCBuildConfiguration;
			buildSettings = {
				ALWAYS_SEARCH_USER_PATHS = NO;
				CLANG_ANALYZER_NONNULL = YES;
				CLANG_ANALYZER_NUMBER_OBJECT_CONVERSION = YES_AGGRESSIVE;
				CLANG_CXX_LANGUAGE_STANDARD = "gnu++14";
				CLANG_CXX_LIBRARY = "libc++";
				CLANG_ENABLE_MODULES = YES;
				CLANG_ENABLE_OBJC_ARC = YES;
				CLANG_WARN_BLOCK_CAPTURE_AUTORELEASING = YES;
				CLANG_WARN_BOOL_CONVERSION = YES;
				CLANG_WARN_COMMA = YES;
				CLANG_WARN_CONSTANT_CONVERSION = YES;
				CLANG_WARN_DIRECT_OBJC_ISA_USAGE = YES_ERROR;
				CLANG_WARN_DOCUMENTATION_COMMENTS = YES;
				CLANG_WARN_EMPTY_BODY = YES;
				CLANG_WARN_ENUM_CONVERSION = YES;
				CLANG_WARN_INFINITE_RECURSION = YES;
				CLANG_WARN_INT_CONVERSION = YES;
				CLANG_WARN_NON_LITERAL_NULL_CONVERSION = YES;
				CLANG_WARN_OBJC_LITERAL_CONVERSION = YES;
				CLANG_WARN_OBJC_ROOT_CLASS = YES_ERROR;
				CLANG_WARN_RANGE_LOOP_ANALYSIS = YES;
				CLANG_WARN_STRICT_PROTOTYPES = YES;
				CLANG_WARN_SUSPICIOUS_MOVE = YES;
				CLANG_WARN_UNGUARDED_AVAILABILITY = YES_AGGRESSIVE;
				CLANG_WARN_UNREACHABLE_CODE = YES;
				CLANG_WARN__DUPLICATE_METHOD_MATCH = YES;
				CODE_SIGN_IDENTITY = "iPhone Developer";
				COPY_PHASE_STRIP = NO;
				DEBUG_INFORMATION_FORMAT = dwarf;
				ENABLE_STRICT_OBJC_MSGSEND = YES;
				ENABLE_TESTABILITY = YES;
				GCC_C_LANGUAGE_STANDARD = gnu11;
				GCC_DYNAMIC_NO_PIC = NO;
				GCC_NO_COMMON_BLOCKS = YES;
				GCC_OPTIMIZATION_LEVEL = 0;
				GCC_PREPROCESSOR_DEFINITIONS = (
					"DEBUG=1",
					"$(inherited)",
				);
				GCC_WARN_64_TO_32_BIT_CONVERSION = YES;
				GCC_WARN_ABOUT_RETURN_TYPE = YES_ERROR;
				GCC_WARN_UNDECLARED_SELECTOR = YES;
				GCC_WARN_UNINITIALIZED_AUTOS = YES_AGGRESSIVE;
				GCC_WARN_UNUSED_FUNCTION = YES;
				GCC_WARN_UNUSED_VARIABLE = YES;
				IPHONEOS_DEPLOYMENT_TARGET = 11.1;
				MTL_ENABLE_DEBUG_INFO = YES;
				ONLY_ACTIVE_ARCH = YES;
				SDKROOT = iphoneos;
				SWIFT_ACTIVE_COMPILATION_CONDITIONS = DEBUG;
				SWIFT_OPTIMIZATION_LEVEL = "-Onone";
			};
			name = Debug;
		};
		284A86361FB1044C003A88AC /* Release */ = {
			isa = XCBuildConfiguration;
			buildSettings = {
				ALWAYS_SEARCH_USER_PATHS = NO;
				CLANG_ANALYZER_NONNULL = YES;
				CLANG_ANALYZER_NUMBER_OBJECT_CONVERSION = YES_AGGRESSIVE;
				CLANG_CXX_LANGUAGE_STANDARD = "gnu++14";
				CLANG_CXX_LIBRARY = "libc++";
				CLANG_ENABLE_MODULES = YES;
				CLANG_ENABLE_OBJC_ARC = YES;
				CLANG_WARN_BLOCK_CAPTURE_AUTORELEASING = YES;
				CLANG_WARN_BOOL_CONVERSION = YES;
				CLANG_WARN_COMMA = YES;
				CLANG_WARN_CONSTANT_CONVERSION = YES;
				CLANG_WARN_DIRECT_OBJC_ISA_USAGE = YES_ERROR;
				CLANG_WARN_DOCUMENTATION_COMMENTS = YES;
				CLANG_WARN_EMPTY_BODY = YES;
				CLANG_WARN_ENUM_CONVERSION = YES;
				CLANG_WARN_INFINITE_RECURSION = YES;
				CLANG_WARN_INT_CONVERSION = YES;
				CLANG_WARN_NON_LITERAL_NULL_CONVERSION = YES;
				CLANG_WARN_OBJC_LITERAL_CONVERSION = YES;
				CLANG_WARN_OBJC_ROOT_CLASS = YES_ERROR;
				CLANG_WARN_RANGE_LOOP_ANALYSIS = YES;
				CLANG_WARN_STRICT_PROTOTYPES = YES;
				CLANG_WARN_SUSPICIOUS_MOVE = YES;
				CLANG_WARN_UNGUARDED_AVAILABILITY = YES_AGGRESSIVE;
				CLANG_WARN_UNREACHABLE_CODE = YES;
				CLANG_WARN__DUPLICATE_METHOD_MATCH = YES;
				CODE_SIGN_IDENTITY = "iPhone Developer";
				COPY_PHASE_STRIP = NO;
				DEBUG_INFORMATION_FORMAT = "dwarf-with-dsym";
				ENABLE_NS_ASSERTIONS = NO;
				ENABLE_STRICT_OBJC_MSGSEND = YES;
				GCC_C_LANGUAGE_STANDARD = gnu11;
				GCC_NO_COMMON_BLOCKS = YES;
				GCC_WARN_64_TO_32_BIT_CONVERSION = YES;
				GCC_WARN_ABOUT_RETURN_TYPE = YES_ERROR;
				GCC_WARN_UNDECLARED_SELECTOR = YES;
				GCC_WARN_UNINITIALIZED_AUTOS = YES_AGGRESSIVE;
				GCC_WARN_UNUSED_FUNCTION = YES;
				GCC_WARN_UNUSED_VARIABLE = YES;
				IPHONEOS_DEPLOYMENT_TARGET = 11.1;
				MTL_ENABLE_DEBUG_INFO = NO;
				SDKROOT = iphoneos;
				SWIFT_OPTIMIZATION_LEVEL = "-Owholemodule";
				VALIDATE_PRODUCT = YES;
			};
			name = Release;
		};
		284A86381FB1044C003A88AC /* Debug */ = {
			isa = XCBuildConfiguration;
			baseConfigurationReference = D29FBA022F6B7597C3AC5E16 /* Pods-Chat.debug.xcconfig */;
			buildSettings = {
				ASSETCATALOG_COMPILER_APPICON_NAME = AppIcon;
				CODE_SIGN_STYLE = Automatic;
				DEVELOPMENT_TEAM = BQ64AM57S3;
				INFOPLIST_FILE = Chat/Info.plist;
				LD_RUNPATH_SEARCH_PATHS = "$(inherited) @executable_path/Frameworks";
				PRODUCT_BUNDLE_IDENTIFIER = billy1301.Chat;
				PRODUCT_NAME = "$(TARGET_NAME)";
				SWIFT_VERSION = 4.0;
				TARGETED_DEVICE_FAMILY = "1,2";
			};
			name = Debug;
		};
		284A86391FB1044C003A88AC /* Release */ = {
			isa = XCBuildConfiguration;
			baseConfigurationReference = 73E351B6CD82966A8923232E /* Pods-Chat.release.xcconfig */;
			buildSettings = {
				ASSETCATALOG_COMPILER_APPICON_NAME = AppIcon;
				CODE_SIGN_STYLE = Automatic;
				DEVELOPMENT_TEAM = BQ64AM57S3;
				INFOPLIST_FILE = Chat/Info.plist;
				LD_RUNPATH_SEARCH_PATHS = "$(inherited) @executable_path/Frameworks";
				PRODUCT_BUNDLE_IDENTIFIER = billy1301.Chat;
				PRODUCT_NAME = "$(TARGET_NAME)";
				SWIFT_VERSION = 4.0;
				TARGETED_DEVICE_FAMILY = "1,2";
			};
			name = Release;
		};
/* End XCBuildConfiguration section */

/* Begin XCConfigurationList section */
		284A86201FB1044C003A88AC /* Build configuration list for PBXProject "Chat" */ = {
			isa = XCConfigurationList;
			buildConfigurations = (
				284A86351FB1044C003A88AC /* Debug */,
				284A86361FB1044C003A88AC /* Release */,
			);
			defaultConfigurationIsVisible = 0;
			defaultConfigurationName = Release;
		};
		284A86371FB1044C003A88AC /* Build configuration list for PBXNativeTarget "Chat" */ = {
			isa = XCConfigurationList;
			buildConfigurations = (
				284A86381FB1044C003A88AC /* Debug */,
				284A86391FB1044C003A88AC /* Release */,
			);
			defaultConfigurationIsVisible = 0;
			defaultConfigurationName = Release;
		};
/* End XCConfigurationList section */
	};
	rootObject = 284A861D1FB1044C003A88AC /* Project object */;
}
